
Microsoft Visual Studio Solution File, Format Version 12.00
# Visual Studio Version 17
VisualStudioVersion = 17.3.32811.315
MinimumVisualStudioVersion = 10.0.40219.1
Project("{FAE04EC0-301F-11D3-BF4B-00C04F79EFBC}") = "TranTheHien_KtraFE", "TranTheHien_KtraFE\TranTheHien_KtraFE.csproj", "{1B13D9F8-A6DE-4DFF-9414-AAD3B2F06F04}"
EndProject
Global
	GlobalSection(SolutionConfigurationPlatforms) = preSolution
		Debug|Any CPU = Debug|Any CPU
		Release|Any CPU = Release|Any CPU
	EndGlobalSection
	GlobalSection(ProjectConfigurationPlatforms) = postSolution
		{1B13D9F8-A6DE-4DFF-9414-AAD3B2F06F04}.Debug|Any CPU.ActiveCfg = Debug|Any CPU
		{1B13D9F8-A6DE-4DFF-9414-AAD3B2F06F04}.Debug|Any CPU.Build.0 = Debug|Any CPU
		{1B13D9F8-A6DE-4DFF-9414-AAD3B2F06F04}.Release|Any CPU.ActiveCfg = Release|Any CPU
		{1B13D9F8-A6DE-4DFF-9414-AAD3B2F06F04}.Release|Any CPU.Build.0 = Release|Any CPU
	EndGlobalSection
	GlobalSection(SolutionProperties) = preSolution
		HideSolutionNode = FALSE
	EndGlobalSection
	GlobalSection(ExtensibilityGlobals) = postSolution
		SolutionGuid = {0D9845D9-76F8-4FC6-849E-181321282CAB}
	EndGlobalSection
EndGlobal
